
Microsoft Visual Studio Solution File, Format Version 12.00
# Visual Studio 15
VisualStudioVersion = 15.0.26124.0
MinimumVisualStudioVersion = 15.0.26124.0
Project("{2150E333-8FDC-42A3-9474-1A3956D46DE8}") = "src", "src", "{52FE84FF-13C7-4CCA-8E33-E775AD6F4B3E}"
EndProject
Project("{FAE04EC0-301F-11D3-BF4B-00C04F79EFBC}") = "KnowledgeShare.Manager", "src\Manager\KnowledgeShare.Manager.csproj", "{2FBF27C3-0C8B-4FE2-B951-E50E8E2D8F13}"
EndProject
Project("{FAE04EC0-301F-11D3-BF4B-00C04F79EFBC}") = "KnowledgeShare.Server", "src\Server\KnowledgeShare.Server.csproj", "{087AA789-DE65-43EA-AB31-910DB313C46D}"
EndProject
Project("{2150E333-8FDC-42A3-9474-1A3956D46DE8}") = "Store", "Store", "{80AAEBD7-2BA6-4B06-89DD-58134657CA68}"
EndProject
Project("{FAE04EC0-301F-11D3-BF4B-00C04F79EFBC}") = "KnowledgeShare.Store.Abstractions", "src\Store\Abstractions\KnowledgeShare.Store.Abstractions.csproj", "{DCDC9EAD-79E9-4A74-9ABE-8BD1F64BADD6}"
EndProject
Project("{FAE04EC0-301F-11D3-BF4B-00C04F79EFBC}") = "KnowledgeShare.Store.EntityFrameworkCore", "src\Store\EntityFrameworkCore\KnowledgeShare.Store.EntityFrameworkCore.csproj", "{8092A805-A132-405A-9207-A47C220EE712}"
EndProject
Project("{2150E333-8FDC-42A3-9474-1A3956D46DE8}") = "tests", "tests", "{3953EEF0-41C0-4EEB-8F33-892F4A1B1429}"
EndProject
Project("{FAE04EC0-301F-11D3-BF4B-00C04F79EFBC}") = "KnowledgeShare.Manager.Test", "tests\Manager\KnowledgeShare.Manager.Test.csproj", "{CC1CF54B-0D10-4DA9-8389-A76927E17C09}"
EndProject
Project("{FAE04EC0-301F-11D3-BF4B-00C04F79EFBC}") = "KnowledgeShare.Server.Test", "tests\Server\KnowledgeShare.Server.Test.csproj", "{7BA9C723-0F47-4EDE-9A89-1DC0F0957AF2}"
EndProject
Project("{FAE04EC0-301F-11D3-BF4B-00C04F79EFBC}") = "KnowledgeShare.Store.EntityFrameworkCore.Test", "tests\Store.EntityFrameworkCore\KnowledgeShare.Store.EntityFrameworkCore.Test.csproj", "{157A02DF-0177-4F87-99BB-57CDAED3DEC1}"
EndProject
Project("{FAE04EC0-301F-11D3-BF4B-00C04F79EFBC}") = "KnowledgeShare.Store.Test", "tests\Store\KnowledgeShare.Store.Test.csproj", "{0CB13C4C-9C01-409C-80F1-614D9F560712}"
EndProject
Project("{FAE04EC0-301F-11D3-BF4B-00C04F79EFBC}") = "KnowledgeShare.Store.Core", "src\Store\Core\KnowledgeShare.Store.Core.csproj", "{42ADD3BE-5C56-4DD2-BF5C-15951C073E1D}"
EndProject
Global
	GlobalSection(SolutionConfigurationPlatforms) = preSolution
		Debug|Any CPU = Debug|Any CPU
		Debug|x64 = Debug|x64
		Debug|x86 = Debug|x86
		Release|Any CPU = Release|Any CPU
		Release|x64 = Release|x64
		Release|x86 = Release|x86
	EndGlobalSection
	GlobalSection(SolutionProperties) = preSolution
		HideSolutionNode = FALSE
	EndGlobalSection
	GlobalSection(ProjectConfigurationPlatforms) = postSolution
		{2FBF27C3-0C8B-4FE2-B951-E50E8E2D8F13}.Debug|Any CPU.ActiveCfg = Debug|Any CPU
		{2FBF27C3-0C8B-4FE2-B951-E50E8E2D8F13}.Debug|Any CPU.Build.0 = Debug|Any CPU
		{2FBF27C3-0C8B-4FE2-B951-E50E8E2D8F13}.Debug|x64.ActiveCfg = Debug|Any CPU
		{2FBF27C3-0C8B-4FE2-B951-E50E8E2D8F13}.Debug|x64.Build.0 = Debug|Any CPU
		{2FBF27C3-0C8B-4FE2-B951-E50E8E2D8F13}.Debug|x86.ActiveCfg = Debug|Any CPU
		{2FBF27C3-0C8B-4FE2-B951-E50E8E2D8F13}.Debug|x86.Build.0 = Debug|Any CPU
		{2FBF27C3-0C8B-4FE2-B951-E50E8E2D8F13}.Release|Any CPU.ActiveCfg = Release|Any CPU
		{2FBF27C3-0C8B-4FE2-B951-E50E8E2D8F13}.Release|Any CPU.Build.0 = Release|Any CPU
		{2FBF27C3-0C8B-4FE2-B951-E50E8E2D8F13}.Release|x64.ActiveCfg = Release|Any CPU
		{2FBF27C3-0C8B-4FE2-B951-E50E8E2D8F13}.Release|x64.Build.0 = Release|Any CPU
		{2FBF27C3-0C8B-4FE2-B951-E50E8E2D8F13}.Release|x86.ActiveCfg = Release|Any CPU
		{2FBF27C3-0C8B-4FE2-B951-E50E8E2D8F13}.Release|x86.Build.0 = Release|Any CPU
		{087AA789-DE65-43EA-AB31-910DB313C46D}.Debug|Any CPU.ActiveCfg = Debug|Any CPU
		{087AA789-DE65-43EA-AB31-910DB313C46D}.Debug|Any CPU.Build.0 = Debug|Any CPU
		{087AA789-DE65-43EA-AB31-910DB313C46D}.Debug|x64.ActiveCfg = Debug|Any CPU
		{087AA789-DE65-43EA-AB31-910DB313C46D}.Debug|x64.Build.0 = Debug|Any CPU
		{087AA789-DE65-43EA-AB31-910DB313C46D}.Debug|x86.ActiveCfg = Debug|Any CPU
		{087AA789-DE65-43EA-AB31-910DB313C46D}.Debug|x86.Build.0 = Debug|Any CPU
		{087AA789-DE65-43EA-AB31-910DB313C46D}.Release|Any CPU.ActiveCfg = Release|Any CPU
		{087AA789-DE65-43EA-AB31-910DB313C46D}.Release|Any CPU.Build.0 = Release|Any CPU
		{087AA789-DE65-43EA-AB31-910DB313C46D}.Release|x64.ActiveCfg = Release|Any CPU
		{087AA789-DE65-43EA-AB31-910DB313C46D}.Release|x64.Build.0 = Release|Any CPU
		{087AA789-DE65-43EA-AB31-910DB313C46D}.Release|x86.ActiveCfg = Release|Any CPU
		{087AA789-DE65-43EA-AB31-910DB313C46D}.Release|x86.Build.0 = Release|Any CPU
		{DCDC9EAD-79E9-4A74-9ABE-8BD1F64BADD6}.Debug|Any CPU.ActiveCfg = Debug|Any CPU
		{DCDC9EAD-79E9-4A74-9ABE-8BD1F64BADD6}.Debug|Any CPU.Build.0 = Debug|Any CPU
		{DCDC9EAD-79E9-4A74-9ABE-8BD1F64BADD6}.Debug|x64.ActiveCfg = Debug|Any CPU
		{DCDC9EAD-79E9-4A74-9ABE-8BD1F64BADD6}.Debug|x64.Build.0 = Debug|Any CPU
		{DCDC9EAD-79E9-4A74-9ABE-8BD1F64BADD6}.Debug|x86.ActiveCfg = Debug|Any CPU
		{DCDC9EAD-79E9-4A74-9ABE-8BD1F64BADD6}.Debug|x86.Build.0 = Debug|Any CPU
		{DCDC9EAD-79E9-4A74-9ABE-8BD1F64BADD6}.Release|Any CPU.ActiveCfg = Release|Any CPU
		{DCDC9EAD-79E9-4A74-9ABE-8BD1F64BADD6}.Release|Any CPU.Build.0 = Release|Any CPU
		{DCDC9EAD-79E9-4A74-9ABE-8BD1F64BADD6}.Release|x64.ActiveCfg = Release|Any CPU
		{DCDC9EAD-79E9-4A74-9ABE-8BD1F64BADD6}.Release|x64.Build.0 = Release|Any CPU
		{DCDC9EAD-79E9-4A74-9ABE-8BD1F64BADD6}.Release|x86.ActiveCfg = Release|Any CPU
		{DCDC9EAD-79E9-4A74-9ABE-8BD1F64BADD6}.Release|x86.Build.0 = Release|Any CPU
		{8092A805-A132-405A-9207-A47C220EE712}.Debug|Any CPU.ActiveCfg = Debug|Any CPU
		{8092A805-A132-405A-9207-A47C220EE712}.Debug|Any CPU.Build.0 = Debug|Any CPU
		{8092A805-A132-405A-9207-A47C220EE712}.Debug|x64.ActiveCfg = Debug|Any CPU
		{8092A805-A132-405A-9207-A47C220EE712}.Debug|x64.Build.0 = Debug|Any CPU
		{8092A805-A132-405A-9207-A47C220EE712}.Debug|x86.ActiveCfg = Debug|Any CPU
		{8092A805-A132-405A-9207-A47C220EE712}.Debug|x86.Build.0 = Debug|Any CPU
		{8092A805-A132-405A-9207-A47C220EE712}.Release|Any CPU.ActiveCfg = Release|Any CPU
		{8092A805-A132-405A-9207-A47C220EE712}.Release|Any CPU.Build.0 = Release|Any CPU
		{8092A805-A132-405A-9207-A47C220EE712}.Release|x64.ActiveCfg = Release|Any CPU
		{8092A805-A132-405A-9207-A47C220EE712}.Release|x64.Build.0 = Release|Any CPU
		{8092A805-A132-405A-9207-A47C220EE712}.Release|x86.ActiveCfg = Release|Any CPU
		{8092A805-A132-405A-9207-A47C220EE712}.Release|x86.Build.0 = Release|Any CPU
		{CC1CF54B-0D10-4DA9-8389-A76927E17C09}.Debug|Any CPU.ActiveCfg = Debug|Any CPU
		{CC1CF54B-0D10-4DA9-8389-A76927E17C09}.Debug|Any CPU.Build.0 = Debug|Any CPU
		{CC1CF54B-0D10-4DA9-8389-A76927E17C09}.Debug|x64.ActiveCfg = Debug|Any CPU
		{CC1CF54B-0D10-4DA9-8389-A76927E17C09}.Debug|x64.Build.0 = Debug|Any CPU
		{CC1CF54B-0D10-4DA9-8389-A76927E17C09}.Debug|x86.ActiveCfg = Debug|Any CPU
		{CC1CF54B-0D10-4DA9-8389-A76927E17C09}.Debug|x86.Build.0 = Debug|Any CPU
		{CC1CF54B-0D10-4DA9-8389-A76927E17C09}.Release|Any CPU.ActiveCfg = Release|Any CPU
		{CC1CF54B-0D10-4DA9-8389-A76927E17C09}.Release|Any CPU.Build.0 = Release|Any CPU
		{CC1CF54B-0D10-4DA9-8389-A76927E17C09}.Release|x64.ActiveCfg = Release|Any CPU
		{CC1CF54B-0D10-4DA9-8389-A76927E17C09}.Release|x64.Build.0 = Release|Any CPU
		{CC1CF54B-0D10-4DA9-8389-A76927E17C09}.Release|x86.ActiveCfg = Release|Any CPU
		{CC1CF54B-0D10-4DA9-8389-A76927E17C09}.Release|x86.Build.0 = Release|Any CPU
		{7BA9C723-0F47-4EDE-9A89-1DC0F0957AF2}.Debug|Any CPU.ActiveCfg = Debug|Any CPU
		{7BA9C723-0F47-4EDE-9A89-1DC0F0957AF2}.Debug|Any CPU.Build.0 = Debug|Any CPU
		{7BA9C723-0F47-4EDE-9A89-1DC0F0957AF2}.Debug|x64.ActiveCfg = Debug|Any CPU
		{7BA9C723-0F47-4EDE-9A89-1DC0F0957AF2}.Debug|x64.Build.0 = Debug|Any CPU
		{7BA9C723-0F47-4EDE-9A89-1DC0F0957AF2}.Debug|x86.ActiveCfg = Debug|Any CPU
		{7BA9C723-0F47-4EDE-9A89-1DC0F0957AF2}.Debug|x86.Build.0 = Debug|Any CPU
		{7BA9C723-0F47-4EDE-9A89-1DC0F0957AF2}.Release|Any CPU.ActiveCfg = Release|Any CPU
		{7BA9C723-0F47-4EDE-9A89-1DC0F0957AF2}.Release|Any CPU.Build.0 = Release|Any CPU
		{7BA9C723-0F47-4EDE-9A89-1DC0F0957AF2}.Release|x64.ActiveCfg = Release|Any CPU
		{7BA9C723-0F47-4EDE-9A89-1DC0F0957AF2}.Release|x64.Build.0 = Release|Any CPU
		{7BA9C723-0F47-4EDE-9A89-1DC0F0957AF2}.Release|x86.ActiveCfg = Release|Any CPU
		{7BA9C723-0F47-4EDE-9A89-1DC0F0957AF2}.Release|x86.Build.0 = Release|Any CPU
		{157A02DF-0177-4F87-99BB-57CDAED3DEC1}.Debug|Any CPU.ActiveCfg = Debug|Any CPU
		{157A02DF-0177-4F87-99BB-57CDAED3DEC1}.Debug|Any CPU.Build.0 = Debug|Any CPU
		{157A02DF-0177-4F87-99BB-57CDAED3DEC1}.Debug|x64.ActiveCfg = Debug|Any CPU
		{157A02DF-0177-4F87-99BB-57CDAED3DEC1}.Debug|x64.Build.0 = Debug|Any CPU
		{157A02DF-0177-4F87-99BB-57CDAED3DEC1}.Debug|x86.ActiveCfg = Debug|Any CPU
		{157A02DF-0177-4F87-99BB-57CDAED3DEC1}.Debug|x86.Build.0 = Debug|Any CPU
		{157A02DF-0177-4F87-99BB-57CDAED3DEC1}.Release|Any CPU.ActiveCfg = Release|Any CPU
		{157A02DF-0177-4F87-99BB-57CDAED3DEC1}.Release|Any CPU.Build.0 = Release|Any CPU
		{157A02DF-0177-4F87-99BB-57CDAED3DEC1}.Release|x64.ActiveCfg = Release|Any CPU
		{157A02DF-0177-4F87-99BB-57CDAED3DEC1}.Release|x64.Build.0 = Release|Any CPU
		{157A02DF-0177-4F87-99BB-57CDAED3DEC1}.Release|x86.ActiveCfg = Release|Any CPU
		{157A02DF-0177-4F87-99BB-57CDAED3DEC1}.Release|x86.Build.0 = Release|Any CPU
		{0CB13C4C-9C01-409C-80F1-614D9F560712}.Debug|Any CPU.ActiveCfg = Debug|Any CPU
		{0CB13C4C-9C01-409C-80F1-614D9F560712}.Debug|Any CPU.Build.0 = Debug|Any CPU
		{0CB13C4C-9C01-409C-80F1-614D9F560712}.Debug|x64.ActiveCfg = Debug|Any CPU
		{0CB13C4C-9C01-409C-80F1-614D9F560712}.Debug|x64.Build.0 = Debug|Any CPU
		{0CB13C4C-9C01-409C-80F1-614D9F560712}.Debug|x86.ActiveCfg = Debug|Any CPU
		{0CB13C4C-9C01-409C-80F1-614D9F560712}.Debug|x86.Build.0 = Debug|Any CPU
		{0CB13C4C-9C01-409C-80F1-614D9F560712}.Release|Any CPU.ActiveCfg = Release|Any CPU
		{0CB13C4C-9C01-409C-80F1-614D9F560712}.Release|Any CPU.Build.0 = Release|Any CPU
		{0CB13C4C-9C01-409C-80F1-614D9F560712}.Release|x64.ActiveCfg = Release|Any CPU
		{0CB13C4C-9C01-409C-80F1-614D9F560712}.Release|x64.Build.0 = Release|Any CPU
		{0CB13C4C-9C01-409C-80F1-614D9F560712}.Release|x86.ActiveCfg = Release|Any CPU
		{0CB13C4C-9C01-409C-80F1-614D9F560712}.Release|x86.Build.0 = Release|Any CPU
		{42ADD3BE-5C56-4DD2-BF5C-15951C073E1D}.Debug|Any CPU.ActiveCfg = Debug|Any CPU
		{42ADD3BE-5C56-4DD2-BF5C-15951C073E1D}.Debug|Any CPU.Build.0 = Debug|Any CPU
		{42ADD3BE-5C56-4DD2-BF5C-15951C073E1D}.Debug|x64.ActiveCfg = Debug|Any CPU
		{42ADD3BE-5C56-4DD2-BF5C-15951C073E1D}.Debug|x64.Build.0 = Debug|Any CPU
		{42ADD3BE-5C56-4DD2-BF5C-15951C073E1D}.Debug|x86.ActiveCfg = Debug|Any CPU
		{42ADD3BE-5C56-4DD2-BF5C-15951C073E1D}.Debug|x86.Build.0 = Debug|Any CPU
		{42ADD3BE-5C56-4DD2-BF5C-15951C073E1D}.Release|Any CPU.ActiveCfg = Release|Any CPU
		{42ADD3BE-5C56-4DD2-BF5C-15951C073E1D}.Release|Any CPU.Build.0 = Release|Any CPU
		{42ADD3BE-5C56-4DD2-BF5C-15951C073E1D}.Release|x64.ActiveCfg = Release|Any CPU
		{42ADD3BE-5C56-4DD2-BF5C-15951C073E1D}.Release|x64.Build.0 = Release|Any CPU
		{42ADD3BE-5C56-4DD2-BF5C-15951C073E1D}.Release|x86.ActiveCfg = Release|Any CPU
		{42ADD3BE-5C56-4DD2-BF5C-15951C073E1D}.Release|x86.Build.0 = Release|Any CPU
	EndGlobalSection
	GlobalSection(NestedProjects) = preSolution
		{2FBF27C3-0C8B-4FE2-B951-E50E8E2D8F13} = {52FE84FF-13C7-4CCA-8E33-E775AD6F4B3E}
		{087AA789-DE65-43EA-AB31-910DB313C46D} = {52FE84FF-13C7-4CCA-8E33-E775AD6F4B3E}
		{80AAEBD7-2BA6-4B06-89DD-58134657CA68} = {52FE84FF-13C7-4CCA-8E33-E775AD6F4B3E}
		{DCDC9EAD-79E9-4A74-9ABE-8BD1F64BADD6} = {80AAEBD7-2BA6-4B06-89DD-58134657CA68}
		{8092A805-A132-405A-9207-A47C220EE712} = {80AAEBD7-2BA6-4B06-89DD-58134657CA68}
		{CC1CF54B-0D10-4DA9-8389-A76927E17C09} = {3953EEF0-41C0-4EEB-8F33-892F4A1B1429}
		{7BA9C723-0F47-4EDE-9A89-1DC0F0957AF2} = {3953EEF0-41C0-4EEB-8F33-892F4A1B1429}
		{157A02DF-0177-4F87-99BB-57CDAED3DEC1} = {3953EEF0-41C0-4EEB-8F33-892F4A1B1429}
		{0CB13C4C-9C01-409C-80F1-614D9F560712} = {3953EEF0-41C0-4EEB-8F33-892F4A1B1429}
		{42ADD3BE-5C56-4DD2-BF5C-15951C073E1D} = {80AAEBD7-2BA6-4B06-89DD-58134657CA68}
	EndGlobalSection
EndGlobal
